<?xml version="1.0" encoding="utf-8"?>
<Project ToolsVersion="4.0" xmlns="http://schemas.microsoft.com/developer/msbuild/2003">
  <ItemGroup>
    <Filter Include="Source Files">
      <UniqueIdentifier>{4FC737F1-C7A5-4376-A066-2A32D752A2FF}</UniqueIdentifier>
      <Extensions>cpp;c;cc;cxx;c++;cppm;ixx;def;odl;idl;hpj;bat;asm;asmx</Extensions>
    </Filter>
    <Filter Include="Header Files">
      <UniqueIdentifier>{93995380-89BD-4b04-88EB-625FBE52EBFB}</UniqueIdentifier>
      <Extensions>h;hh;hpp;hxx;h++;hm;inl;inc;ipp;xsd</Extensions>
    </Filter>
    <Filter Include="Resource Files">
      <UniqueIdentifier>{67DA6AB6-F800-4c08-8B7A-83BB121AAD01}</UniqueIdentifier>
      <Extensions>rc;ico;cur;bmp;dlg;rc2;rct;bin;rgs;gif;jpg;jpeg;jpe;resx;tiff;tif;png;wav;mfcribbon-ms</Extensions>
    </Filter>
    <Filter Include="Source Files\TestsBack">
      <UniqueIdentifier>{28888d89-8928-4ca4-bf53-8ae77109db6e}</UniqueIdentifier>
    </Filter>
    <Filter Include="Source Files\TestsBack\QA">
      <UniqueIdentifier>{2ff7a1b2-4612-4743-ad3e-612b3a0f8fd1}</UniqueIdentifier>
    </Filter>
    <Filter Include="Header Files\TestsBack">
      <UniqueIdentifier>{3086fdb8-b118-4249-920a-4895ac33761c}</UniqueIdentifier>
    </Filter>
    <Filter Include="Header Files\TestsBack\QA">
      <UniqueIdentifier>{44b07819-a85c-4be0-987d-25a40f2c5e44}</UniqueIdentifier>
    </Filter>
  </ItemGroup>
  <ItemGroup>
    <ClCompile Include="StartForm.cpp">
      <Filter>Source Files</Filter>
    </ClCompile>
    <ClCompile Include="Answer.cpp">
      <Filter>Source Files\TestsBack\QA</Filter>
    </ClCompile>
    <ClCompile Include="MultipleChoiceQuestion.cpp">
      <Filter>Source Files\TestsBack\QA</Filter>
    </ClCompile>
    <ClCompile Include="Question.cpp">
      <Filter>Source Files\TestsBack\QA</Filter>
    </ClCompile>
    <ClCompile Include="SingleChoiceQuestion.cpp">
      <Filter>Source Files\TestsBack\QA</Filter>
    </ClCompile>
    <ClCompile Include="Editor.cpp">
      <Filter>Source Files\TestsBack</Filter>
    </ClCompile>
    <ClCompile Include="StudentAnswers.cpp">
      <Filter>Source Files\TestsBack</Filter>
    </ClCompile>
    <ClCompile Include="ClientAction.cpp">
      <Filter>Source Files\TestsBack</Filter>
    </ClCompile>
    <ClCompile Include="AuthorizeForm.cpp">
      <Filter>Source Files</Filter>
    </ClCompile>
    <ClCompile Include="TestEditForm.cpp">
      <Filter>Source Files</Filter>
    </ClCompile>
    <ClCompile Include="TestSetEditForm.cpp">
      <Filter>Source Files</Filter>
    </ClCompile>
  </ItemGroup>
  <ItemGroup>
    <ClInclude Include="StartForm.h">
      <Filter>Header Files</Filter>
    </ClInclude>
    <ClInclude Include="resource.h">
      <Filter>Header Files</Filter>
    </ClInclude>
    <ClInclude Include="Answer.h">
      <Filter>Header Files\TestsBack\QA</Filter>
    </ClInclude>
    <ClInclude Include="MultipleChoiceQuestion.h">
      <Filter>Header Files\TestsBack\QA</Filter>
    </ClInclude>
    <ClInclude Include="Question.h">
      <Filter>Header Files\TestsBack\QA</Filter>
    </ClInclude>
    <ClInclude Include="SingleChoiceQuestion.h">
      <Filter>Header Files\TestsBack\QA</Filter>
    </ClInclude>
    <ClInclude Include="Editor.h">
      <Filter>Header Files\TestsBack</Filter>
    </ClInclude>
    <ClInclude Include="StudentAnswers.h">
      <Filter>Header Files\TestsBack</Filter>
    </ClInclude>
    <ClInclude Include="ClientAction.h">
      <Filter>Header Files\TestsBack</Filter>
    </ClInclude>
    <ClInclude Include="AuthorizeForm.h">
      <Filter>Header Files</Filter>
    </ClInclude>
    <ClInclude Include="TestEditForm.h">
      <Filter>Header Files</Filter>
    </ClInclude>
    <ClInclude Include="TestSetEditForm.h">
      <Filter>Header Files</Filter>
    </ClInclude>
  </ItemGroup>
  <ItemGroup>
    <ResourceCompile Include="Resource.rc">
      <Filter>Resource Files</Filter>
    </ResourceCompile>
  </ItemGroup>
</Project>